
Microsoft Visual Studio Solution File, Format Version 12.00
# Visual Studio Version 16
VisualStudioVersion = 16.0.29324.140
MinimumVisualStudioVersion = 10.0.40219.1
Project("{FAE04EC0-301F-11D3-BF4B-00C04F79EFBC}") = "ParteVisual", "ParteVisual\ParteVisual.csproj", "{DB5A112E-3750-44B4-9632-B07197CE485E}"
EndProject
Project("{FAE04EC0-301F-11D3-BF4B-00C04F79EFBC}") = "Entidades", "Entidades\Entidades.csproj", "{7AC10E46-4E1E-4EBE-AE0B-3D8FE82F2805}"
EndProject
Project("{FAE04EC0-301F-11D3-BF4B-00C04F79EFBC}") = "AccesoDatos", "AccesoDatos\AccesoDatos.csproj", "{54F52D9E-CB6D-438E-A565-101ACC96EFD9}"
EndProject
Global
	GlobalSection(SolutionConfigurationPlatforms) = preSolution
		Debug|Any CPU = Debug|Any CPU
		Release|Any CPU = Release|Any CPU
	EndGlobalSection
	GlobalSection(ProjectConfigurationPlatforms) = postSolution
		{DB5A112E-3750-44B4-9632-B07197CE485E}.Debug|Any CPU.ActiveCfg = Debug|Any CPU
		{DB5A112E-3750-44B4-9632-B07197CE485E}.Debug|Any CPU.Build.0 = Debug|Any CPU
		{DB5A112E-3750-44B4-9632-B07197CE485E}.Release|Any CPU.ActiveCfg = Release|Any CPU
		{DB5A112E-3750-44B4-9632-B07197CE485E}.Release|Any CPU.Build.0 = Release|Any CPU
		{7AC10E46-4E1E-4EBE-AE0B-3D8FE82F2805}.Debug|Any CPU.ActiveCfg = Debug|Any CPU
		{7AC10E46-4E1E-4EBE-AE0B-3D8FE82F2805}.Debug|Any CPU.Build.0 = Debug|Any CPU
		{7AC10E46-4E1E-4EBE-AE0B-3D8FE82F2805}.Release|Any CPU.ActiveCfg = Release|Any CPU
		{7AC10E46-4E1E-4EBE-AE0B-3D8FE82F2805}.Release|Any CPU.Build.0 = Release|Any CPU
		{54F52D9E-CB6D-438E-A565-101ACC96EFD9}.Debug|Any CPU.ActiveCfg = Debug|Any CPU
		{54F52D9E-CB6D-438E-A565-101ACC96EFD9}.Debug|Any CPU.Build.0 = Debug|Any CPU
		{54F52D9E-CB6D-438E-A565-101ACC96EFD9}.Release|Any CPU.ActiveCfg = Release|Any CPU
		{54F52D9E-CB6D-438E-A565-101ACC96EFD9}.Release|Any CPU.Build.0 = Release|Any CPU
	EndGlobalSection
	GlobalSection(SolutionProperties) = preSolution
		HideSolutionNode = FALSE
	EndGlobalSection
	GlobalSection(ExtensibilityGlobals) = postSolution
		SolutionGuid = {EE27CE8B-3845-41DB-AAD2-28EE3A4CE375}
	EndGlobalSection
EndGlobal
